<?xml version="1.0" encoding="utf-8"?>
<Project ToolsVersion="4.0" xmlns="http://schemas.microsoft.com/developer/msbuild/2003">
  <ItemGroup>
    <Filter Include="win32">
      <UniqueIdentifier>{84a8ebd7-7cf0-47f6-b75e-d441df67da40}</UniqueIdentifier>
    </Filter>
    <Filter Include="Classes">
      <UniqueIdentifier>{bb6c862e-70e9-49d9-81b7-3829a6f50471}</UniqueIdentifier>
    </Filter>
    <Filter Include="resource">
      <UniqueIdentifier>{715254bc-d70b-4ec5-bf29-467dd3ace079}</UniqueIdentifier>
    </Filter>
    <Filter Include="Classes\Projectile">
      <UniqueIdentifier>{6ae3d002-2189-4e1d-8f3e-f052b7517556}</UniqueIdentifier>
    </Filter>
    <Filter Include="Classes\SFX">
      <UniqueIdentifier>{38d37f16-5398-402d-90a9-1693f4971153}</UniqueIdentifier>
    </Filter>
    <Filter Include="Classes\StateMachine">
      <UniqueIdentifier>{a42cb7d4-2c14-433d-972c-71171310a1a6}</UniqueIdentifier>
    </Filter>
    <Filter Include="Classes\Level">
      <UniqueIdentifier>{d98cd5a1-3905-44d5-935c-93992ea3f51a}</UniqueIdentifier>
    </Filter>
    <Filter Include="Classes\Entity">
      <UniqueIdentifier>{05d7cefb-9401-42a8-b010-2bcda0c43f62}</UniqueIdentifier>
    </Filter>
    <Filter Include="Classes\CCExt">
      <UniqueIdentifier>{b7f68ea1-60b1-4eca-bed5-7b8c4f9281e4}</UniqueIdentifier>
    </Filter>
    <Filter Include="Classes\Sqlite3">
      <UniqueIdentifier>{477f1e86-9a50-4640-a8f2-03f19cb166ee}</UniqueIdentifier>
    </Filter>
  </ItemGroup>
  <ItemGroup>
    <ClCompile Include="main.cpp">
      <Filter>win32</Filter>
    </ClCompile>
    <ClCompile Include="..\Classes\AppDelegate.cpp">
      <Filter>Classes</Filter>
    </ClCompile>
    <ClCompile Include="..\Classes\Projectile\Bullet.cpp">
      <Filter>Classes\Projectile</Filter>
    </ClCompile>
    <ClCompile Include="..\Classes\Projectile\Laser.cpp">
      <Filter>Classes\Projectile</Filter>
    </ClCompile>
    <ClCompile Include="..\Classes\Projectile\Missile.cpp">
      <Filter>Classes\Projectile</Filter>
    </ClCompile>
    <ClCompile Include="..\Classes\Projectile\Projectile.cpp">
      <Filter>Classes\Projectile</Filter>
    </ClCompile>
    <ClCompile Include="..\Classes\SFX\SFXFactory.cpp">
      <Filter>Classes\SFX</Filter>
    </ClCompile>
    <ClCompile Include="..\Classes\SFX\BulletExplosion.cpp">
      <Filter>Classes\SFX</Filter>
    </ClCompile>
    <ClCompile Include="..\Classes\SFX\SFXExplosion.cpp">
      <Filter>Classes\SFX</Filter>
    </ClCompile>
    <ClCompile Include="..\Classes\DataCenter.cpp">
      <Filter>Classes</Filter>
    </ClCompile>
    <ClCompile Include="..\Classes\Level\Battlefield.cpp">
      <Filter>Classes\Level</Filter>
    </ClCompile>
    <ClCompile Include="..\Classes\Level\GameScene.cpp">
      <Filter>Classes\Level</Filter>
    </ClCompile>
    <ClCompile Include="..\Classes\Level\ScrollingBackground.cpp">
      <Filter>Classes\Level</Filter>
    </ClCompile>
    <ClCompile Include="..\Classes\Level\UILayer.cpp">
      <Filter>Classes\Level</Filter>
    </ClCompile>
    <ClCompile Include="..\Classes\Entity\CarrierTiger.cpp">
      <Filter>Classes\Entity</Filter>
    </ClCompile>
    <ClCompile Include="..\Classes\Entity\Enemy.cpp">
      <Filter>Classes\Entity</Filter>
    </ClCompile>
    <ClCompile Include="..\Classes\Entity\EnemyFactory.cpp">
      <Filter>Classes\Entity</Filter>
    </ClCompile>
    <ClCompile Include="..\Classes\Entity\FighterBee.cpp">
      <Filter>Classes\Entity</Filter>
    </ClCompile>
    <ClCompile Include="..\Classes\Entity\FrigatePuma.cpp">
      <Filter>Classes\Entity</Filter>
    </ClCompile>
    <ClCompile Include="..\Classes\Entity\Hound.cpp">
      <Filter>Classes\Entity</Filter>
    </ClCompile>
    <ClCompile Include="..\Classes\Entity\Weapon.cpp">
      <Filter>Classes\Entity</Filter>
    </ClCompile>
    <ClCompile Include="..\Classes\Entity\Wingman.cpp">
      <Filter>Classes\Entity</Filter>
    </ClCompile>
    <ClCompile Include="..\Classes\CCExt\Circle.cpp">
      <Filter>Classes\CCExt</Filter>
    </ClCompile>
    <ClCompile Include="..\Classes\CCExt\DrawNodeShape.cpp">
      <Filter>Classes\CCExt</Filter>
    </ClCompile>
    <ClCompile Include="..\Classes\Sqlite3\sqlite3.c">
      <Filter>Classes\Sqlite3</Filter>
    </ClCompile>
    <ClCompile Include="..\Classes\BlobData.cpp">
      <Filter>Classes</Filter>
    </ClCompile>
    <ClCompile Include="..\Classes\Entity\EntityStateFactory.cpp">
      <Filter>Classes\Entity</Filter>
    </ClCompile>
  </ItemGroup>
  <ItemGroup>
    <ClInclude Include="main.h">
      <Filter>win32</Filter>
    </ClInclude>
    <ClInclude Include="..\Classes\AppDelegate.h">
      <Filter>Classes</Filter>
    </ClInclude>
    <ClInclude Include="..\Classes\Common.h">
      <Filter>Classes</Filter>
    </ClInclude>
    <ClInclude Include="..\Classes\Projectile\Bullet.h">
      <Filter>Classes\Projectile</Filter>
    </ClInclude>
    <ClInclude Include="..\Classes\Projectile\Laser.h">
      <Filter>Classes\Projectile</Filter>
    </ClInclude>
    <ClInclude Include="..\Classes\Projectile\Missile.h">
      <Filter>Classes\Projectile</Filter>
    </ClInclude>
    <ClInclude Include="..\Classes\Projectile\Projectile.h">
      <Filter>Classes\Projectile</Filter>
    </ClInclude>
    <ClInclude Include="..\Classes\SFX\SFXFactory.h">
      <Filter>Classes\SFX</Filter>
    </ClInclude>
    <ClInclude Include="..\Classes\SFX\BulletExplosion.h">
      <Filter>Classes\SFX</Filter>
    </ClInclude>
    <ClInclude Include="..\Classes\SFX\SFXExplosion.h">
      <Filter>Classes\SFX</Filter>
    </ClInclude>
    <ClInclude Include="..\Classes\StateMachine\StateMachine.hpp">
      <Filter>Classes\StateMachine</Filter>
    </ClInclude>
    <ClInclude Include="..\Classes\StateMachine\BattleEndState.hpp">
      <Filter>Classes\StateMachine</Filter>
    </ClInclude>
    <ClInclude Include="..\Classes\StateMachine\BattlePhaseState.hpp">
      <Filter>Classes\StateMachine</Filter>
    </ClInclude>
    <ClInclude Include="..\Classes\StateMachine\DeadState.hpp">
      <Filter>Classes\StateMachine</Filter>
    </ClInclude>
    <ClInclude Include="..\Classes\StateMachine\LeaveState.hpp">
      <Filter>Classes\StateMachine</Filter>
    </ClInclude>
    <ClInclude Include="..\Classes\StateMachine\TransformState.hpp">
      <Filter>Classes\StateMachine</Filter>
    </ClInclude>
    <ClInclude Include="..\Classes\StateMachine\MoveState.hpp">
      <Filter>Classes\StateMachine</Filter>
    </ClInclude>
    <ClInclude Include="..\Classes\StateMachine\EntryState.hpp">
      <Filter>Classes\StateMachine</Filter>
    </ClInclude>
    <ClInclude Include="..\Classes\DataCenter.h">
      <Filter>Classes</Filter>
    </ClInclude>
    <ClInclude Include="..\Classes\Types.h">
      <Filter>Classes</Filter>
    </ClInclude>
    <ClInclude Include="..\Classes\Level\Battlefield.h">
      <Filter>Classes\Level</Filter>
    </ClInclude>
    <ClInclude Include="..\Classes\Level\GameScene.h">
      <Filter>Classes\Level</Filter>
    </ClInclude>
    <ClInclude Include="..\Classes\Level\ScrollingBackground.h">
      <Filter>Classes\Level</Filter>
    </ClInclude>
    <ClInclude Include="..\Classes\Level\UILayer.h">
      <Filter>Classes\Level</Filter>
    </ClInclude>
    <ClInclude Include="..\Classes\Entity\CarrierTiger.h">
      <Filter>Classes\Entity</Filter>
    </ClInclude>
    <ClInclude Include="..\Classes\Entity\Enemy.h">
      <Filter>Classes\Entity</Filter>
    </ClInclude>
    <ClInclude Include="..\Classes\Entity\EnemyFactory.h">
      <Filter>Classes\Entity</Filter>
    </ClInclude>
    <ClInclude Include="..\Classes\Entity\FighterBee.h">
      <Filter>Classes\Entity</Filter>
    </ClInclude>
    <ClInclude Include="..\Classes\Entity\FrigatePuma.h">
      <Filter>Classes\Entity</Filter>
    </ClInclude>
    <ClInclude Include="..\Classes\Entity\Hound.h">
      <Filter>Classes\Entity</Filter>
    </ClInclude>
    <ClInclude Include="..\Classes\Entity\Weapon.h">
      <Filter>Classes\Entity</Filter>
    </ClInclude>
    <ClInclude Include="..\Classes\Entity\Wingman.h">
      <Filter>Classes\Entity</Filter>
    </ClInclude>
    <ClInclude Include="..\Classes\CCExt\Circle.h">
      <Filter>Classes\CCExt</Filter>
    </ClInclude>
    <ClInclude Include="..\Classes\CCExt\DrawNodeShape.h">
      <Filter>Classes\CCExt</Filter>
    </ClInclude>
    <ClInclude Include="..\Classes\Sqlite3\sqlite3.h">
      <Filter>Classes\Sqlite3</Filter>
    </ClInclude>
    <ClInclude Include="..\Classes\Sqlite3\sqlite3ext.h">
      <Filter>Classes\Sqlite3</Filter>
    </ClInclude>
    <ClInclude Include="..\Classes\BlobData.h">
      <Filter>Classes</Filter>
    </ClInclude>
    <ClInclude Include="..\Classes\Entity\Entity.h">
      <Filter>Classes\Entity</Filter>
    </ClInclude>
    <ClInclude Include="..\Classes\Entity\EntityStateFactory.h">
      <Filter>Classes\Entity</Filter>
    </ClInclude>
  </ItemGroup>
  <ItemGroup>
    <ResourceCompile Include="game.rc">
      <Filter>resource</Filter>
    </ResourceCompile>
  </ItemGroup>
</Project>