<?xml version="1.0" encoding="utf-8"?>
<Project ToolsVersion="4.0" xmlns="http://schemas.microsoft.com/developer/msbuild/2003">
  <ItemGroup>
    <Filter Include="win32">
      <UniqueIdentifier>{84a8ebd7-7cf0-47f6-b75e-d441df67da40}</UniqueIdentifier>
    </Filter>
    <Filter Include="Classes">
      <UniqueIdentifier>{bb6c862e-70e9-49d9-81b7-3829a6f50471}</UniqueIdentifier>
    </Filter>
    <Filter Include="resource">
      <UniqueIdentifier>{715254bc-d70b-4ec5-bf29-467dd3ace079}</UniqueIdentifier>
    </Filter>
    <Filter Include="Classes\Projectile">
      <UniqueIdentifier>{6ae3d002-2189-4e1d-8f3e-f052b7517556}</UniqueIdentifier>
    </Filter>
    <Filter Include="Classes\Enemy">
      <UniqueIdentifier>{05d7cefb-9401-42a8-b010-2bcda0c43f62}</UniqueIdentifier>
    </Filter>
    <Filter Include="Classes\SFX">
      <UniqueIdentifier>{38d37f16-5398-402d-90a9-1693f4971153}</UniqueIdentifier>
    </Filter>
    <Filter Include="Classes\StateMachine">
      <UniqueIdentifier>{a42cb7d4-2c14-433d-972c-71171310a1a6}</UniqueIdentifier>
    </Filter>
  </ItemGroup>
  <ItemGroup>
    <ClCompile Include="main.cpp">
      <Filter>win32</Filter>
    </ClCompile>
    <ClCompile Include="..\Classes\AppDelegate.cpp">
      <Filter>Classes</Filter>
    </ClCompile>
    <ClCompile Include="..\Classes\ScrollingBackground.cpp">
      <Filter>Classes</Filter>
    </ClCompile>
    <ClCompile Include="..\Classes\Hound.cpp">
      <Filter>Classes</Filter>
    </ClCompile>
    <ClCompile Include="..\Classes\Wingman.cpp">
      <Filter>Classes</Filter>
    </ClCompile>
    <ClCompile Include="..\Classes\Battlefield.cpp">
      <Filter>Classes</Filter>
    </ClCompile>
    <ClCompile Include="..\Classes\GameScene.cpp">
      <Filter>Classes</Filter>
    </ClCompile>
    <ClCompile Include="..\Classes\Weapon.cpp">
      <Filter>Classes</Filter>
    </ClCompile>
    <ClCompile Include="..\Classes\Enemy\CarrierTiger.cpp">
      <Filter>Classes\Enemy</Filter>
    </ClCompile>
    <ClCompile Include="..\Classes\Enemy\Enemy.cpp">
      <Filter>Classes\Enemy</Filter>
    </ClCompile>
    <ClCompile Include="..\Classes\Enemy\FighterBee.cpp">
      <Filter>Classes\Enemy</Filter>
    </ClCompile>
    <ClCompile Include="..\Classes\Enemy\FrigatePuma.cpp">
      <Filter>Classes\Enemy</Filter>
    </ClCompile>
    <ClCompile Include="..\Classes\Projectile\Bullet.cpp">
      <Filter>Classes\Projectile</Filter>
    </ClCompile>
    <ClCompile Include="..\Classes\Projectile\Laser.cpp">
      <Filter>Classes\Projectile</Filter>
    </ClCompile>
    <ClCompile Include="..\Classes\Projectile\Missile.cpp">
      <Filter>Classes\Projectile</Filter>
    </ClCompile>
    <ClCompile Include="..\Classes\Projectile\Projectile.cpp">
      <Filter>Classes\Projectile</Filter>
    </ClCompile>
    <ClCompile Include="..\Classes\Enemy\EnemyFactory.cpp">
      <Filter>Classes\Enemy</Filter>
    </ClCompile>
    <ClCompile Include="..\Classes\UILayer.cpp">
      <Filter>Classes</Filter>
    </ClCompile>
    <ClCompile Include="..\Classes\Circle.cpp">
      <Filter>Classes</Filter>
    </ClCompile>
    <ClCompile Include="..\Classes\SFX\SFXFactory.cpp">
      <Filter>Classes\SFX</Filter>
    </ClCompile>
    <ClCompile Include="..\Classes\SFX\BulletExplosion.cpp">
      <Filter>Classes\SFX</Filter>
    </ClCompile>
    <ClCompile Include="..\Classes\SFX\SFXExplosion.cpp">
      <Filter>Classes\SFX</Filter>
    </ClCompile>
    <ClCompile Include="..\Classes\Enemy\EnemyStateFactory.cpp">
      <Filter>Classes\Enemy</Filter>
    </ClCompile>
    <ClCompile Include="..\Classes\DrawNodeShape.cpp">
      <Filter>Classes</Filter>
    </ClCompile>
  </ItemGroup>
  <ItemGroup>
    <ClInclude Include="main.h">
      <Filter>win32</Filter>
    </ClInclude>
    <ClInclude Include="..\Classes\AppDelegate.h">
      <Filter>Classes</Filter>
    </ClInclude>
    <ClInclude Include="..\Classes\ScrollingBackground.h">
      <Filter>Classes</Filter>
    </ClInclude>
    <ClInclude Include="..\Classes\Hound.h">
      <Filter>Classes</Filter>
    </ClInclude>
    <ClInclude Include="..\Classes\Wingman.h">
      <Filter>Classes</Filter>
    </ClInclude>
    <ClInclude Include="..\Classes\Battlefield.h">
      <Filter>Classes</Filter>
    </ClInclude>
    <ClInclude Include="..\Classes\GameScene.h">
      <Filter>Classes</Filter>
    </ClInclude>
    <ClInclude Include="..\Classes\Common.h">
      <Filter>Classes</Filter>
    </ClInclude>
    <ClInclude Include="..\Classes\Weapon.h">
      <Filter>Classes</Filter>
    </ClInclude>
    <ClInclude Include="..\Classes\Enemy\CarrierTiger.h">
      <Filter>Classes\Enemy</Filter>
    </ClInclude>
    <ClInclude Include="..\Classes\Enemy\Enemy.h">
      <Filter>Classes\Enemy</Filter>
    </ClInclude>
    <ClInclude Include="..\Classes\Enemy\FighterBee.h">
      <Filter>Classes\Enemy</Filter>
    </ClInclude>
    <ClInclude Include="..\Classes\Enemy\FrigatePuma.h">
      <Filter>Classes\Enemy</Filter>
    </ClInclude>
    <ClInclude Include="..\Classes\Projectile\Bullet.h">
      <Filter>Classes\Projectile</Filter>
    </ClInclude>
    <ClInclude Include="..\Classes\Projectile\Laser.h">
      <Filter>Classes\Projectile</Filter>
    </ClInclude>
    <ClInclude Include="..\Classes\Projectile\Missile.h">
      <Filter>Classes\Projectile</Filter>
    </ClInclude>
    <ClInclude Include="..\Classes\Projectile\Projectile.h">
      <Filter>Classes\Projectile</Filter>
    </ClInclude>
    <ClInclude Include="..\Classes\Enemy\EnemyFactory.h">
      <Filter>Classes\Enemy</Filter>
    </ClInclude>
    <ClInclude Include="..\Classes\UILayer.h">
      <Filter>Classes</Filter>
    </ClInclude>
    <ClInclude Include="..\Classes\Circle.h">
      <Filter>Classes</Filter>
    </ClInclude>
    <ClInclude Include="..\Classes\SFX\SFXFactory.h">
      <Filter>Classes\SFX</Filter>
    </ClInclude>
    <ClInclude Include="..\Classes\SFX\BulletExplosion.h">
      <Filter>Classes\SFX</Filter>
    </ClInclude>
    <ClInclude Include="..\Classes\SFX\SFXExplosion.h">
      <Filter>Classes\SFX</Filter>
    </ClInclude>
    <ClInclude Include="..\Classes\StateMachine\StateMachine.hpp">
      <Filter>Classes\StateMachine</Filter>
    </ClInclude>
    <ClInclude Include="..\Classes\StateMachine\BattleEndState.hpp">
      <Filter>Classes\StateMachine</Filter>
    </ClInclude>
    <ClInclude Include="..\Classes\StateMachine\BattlePhaseState.hpp">
      <Filter>Classes\StateMachine</Filter>
    </ClInclude>
    <ClInclude Include="..\Classes\StateMachine\DeadState.hpp">
      <Filter>Classes\StateMachine</Filter>
    </ClInclude>
    <ClInclude Include="..\Classes\StateMachine\LeaveState.hpp">
      <Filter>Classes\StateMachine</Filter>
    </ClInclude>
    <ClInclude Include="..\Classes\StateMachine\TransformState.hpp">
      <Filter>Classes\StateMachine</Filter>
    </ClInclude>
    <ClInclude Include="..\Classes\StateMachine\MoveState.hpp">
      <Filter>Classes\StateMachine</Filter>
    </ClInclude>
    <ClInclude Include="..\Classes\Enemy\EnemyStateFactory.h">
      <Filter>Classes\Enemy</Filter>
    </ClInclude>
    <ClInclude Include="..\Classes\StateMachine\EntryState.hpp">
      <Filter>Classes\StateMachine</Filter>
    </ClInclude>
    <ClInclude Include="..\Classes\DrawNodeShape.h">
      <Filter>Classes</Filter>
    </ClInclude>
  </ItemGroup>
  <ItemGroup>
    <ResourceCompile Include="game.rc">
      <Filter>resource</Filter>
    </ResourceCompile>
  </ItemGroup>
</Project>