<?xml version="1.0" encoding="utf-8"?>
<Project ToolsVersion="4.0" xmlns="http://schemas.microsoft.com/developer/msbuild/2003">
  <ItemGroup>
    <Filter Include="win32">
      <UniqueIdentifier>{84a8ebd7-7cf0-47f6-b75e-d441df67da40}</UniqueIdentifier>
    </Filter>
    <Filter Include="Classes">
      <UniqueIdentifier>{bb6c862e-70e9-49d9-81b7-3829a6f50471}</UniqueIdentifier>
    </Filter>
    <Filter Include="resource">
      <UniqueIdentifier>{715254bc-d70b-4ec5-bf29-467dd3ace079}</UniqueIdentifier>
    </Filter>
    <Filter Include="Classes\Projectile">
      <UniqueIdentifier>{6ae3d002-2189-4e1d-8f3e-f052b7517556}</UniqueIdentifier>
    </Filter>
    <Filter Include="Classes\Enemy">
      <UniqueIdentifier>{05d7cefb-9401-42a8-b010-2bcda0c43f62}</UniqueIdentifier>
    </Filter>
  </ItemGroup>
  <ItemGroup>
    <ClCompile Include="main.cpp">
      <Filter>win32</Filter>
    </ClCompile>
    <ClCompile Include="..\Classes\AppDelegate.cpp">
      <Filter>Classes</Filter>
    </ClCompile>
    <ClCompile Include="..\Classes\ScrollingBackground.cpp">
      <Filter>Classes</Filter>
    </ClCompile>
    <ClCompile Include="..\Classes\Hound.cpp">
      <Filter>Classes</Filter>
    </ClCompile>
    <ClCompile Include="..\Classes\Wingman.cpp">
      <Filter>Classes</Filter>
    </ClCompile>
    <ClCompile Include="..\Classes\Battlefield.cpp">
      <Filter>Classes</Filter>
    </ClCompile>
    <ClCompile Include="..\Classes\GameScene.cpp">
      <Filter>Classes</Filter>
    </ClCompile>
    <ClCompile Include="..\Classes\Weapon.cpp">
      <Filter>Classes</Filter>
    </ClCompile>
    <ClCompile Include="..\Classes\Enemy\CarrierTiger.cpp">
      <Filter>Classes\Enemy</Filter>
    </ClCompile>
    <ClCompile Include="..\Classes\Enemy\Enemy.cpp">
      <Filter>Classes\Enemy</Filter>
    </ClCompile>
    <ClCompile Include="..\Classes\Enemy\FighterBee.cpp">
      <Filter>Classes\Enemy</Filter>
    </ClCompile>
    <ClCompile Include="..\Classes\Enemy\FrigatePuma.cpp">
      <Filter>Classes\Enemy</Filter>
    </ClCompile>
    <ClCompile Include="..\Classes\Projectile\Bullet.cpp">
      <Filter>Classes\Projectile</Filter>
    </ClCompile>
    <ClCompile Include="..\Classes\Projectile\Laser.cpp">
      <Filter>Classes\Projectile</Filter>
    </ClCompile>
    <ClCompile Include="..\Classes\Projectile\Missile.cpp">
      <Filter>Classes\Projectile</Filter>
    </ClCompile>
    <ClCompile Include="..\Classes\Projectile\Projectile.cpp">
      <Filter>Classes\Projectile</Filter>
    </ClCompile>
    <ClCompile Include="..\Classes\Enemy\EnemyFactory.cpp">
      <Filter>Classes\Enemy</Filter>
    </ClCompile>
    <ClCompile Include="..\Classes\UILayer.cpp">
      <Filter>Classes</Filter>
    </ClCompile>
  </ItemGroup>
  <ItemGroup>
    <ClInclude Include="main.h">
      <Filter>win32</Filter>
    </ClInclude>
    <ClInclude Include="..\Classes\AppDelegate.h">
      <Filter>Classes</Filter>
    </ClInclude>
    <ClInclude Include="..\Classes\ScrollingBackground.h">
      <Filter>Classes</Filter>
    </ClInclude>
    <ClInclude Include="..\Classes\Hound.h">
      <Filter>Classes</Filter>
    </ClInclude>
    <ClInclude Include="..\Classes\Wingman.h">
      <Filter>Classes</Filter>
    </ClInclude>
    <ClInclude Include="..\Classes\Battlefield.h">
      <Filter>Classes</Filter>
    </ClInclude>
    <ClInclude Include="..\Classes\GameScene.h">
      <Filter>Classes</Filter>
    </ClInclude>
    <ClInclude Include="..\Classes\Common.h">
      <Filter>Classes</Filter>
    </ClInclude>
    <ClInclude Include="..\Classes\Weapon.h">
      <Filter>Classes</Filter>
    </ClInclude>
    <ClInclude Include="..\Classes\Enemy\CarrierTiger.h">
      <Filter>Classes\Enemy</Filter>
    </ClInclude>
    <ClInclude Include="..\Classes\Enemy\Enemy.h">
      <Filter>Classes\Enemy</Filter>
    </ClInclude>
    <ClInclude Include="..\Classes\Enemy\FighterBee.h">
      <Filter>Classes\Enemy</Filter>
    </ClInclude>
    <ClInclude Include="..\Classes\Enemy\FrigatePuma.h">
      <Filter>Classes\Enemy</Filter>
    </ClInclude>
    <ClInclude Include="..\Classes\Projectile\Bullet.h">
      <Filter>Classes\Projectile</Filter>
    </ClInclude>
    <ClInclude Include="..\Classes\Projectile\Laser.h">
      <Filter>Classes\Projectile</Filter>
    </ClInclude>
    <ClInclude Include="..\Classes\Projectile\Missile.h">
      <Filter>Classes\Projectile</Filter>
    </ClInclude>
    <ClInclude Include="..\Classes\Projectile\Projectile.h">
      <Filter>Classes\Projectile</Filter>
    </ClInclude>
    <ClInclude Include="..\Classes\Enemy\EnemyFactory.h">
      <Filter>Classes\Enemy</Filter>
    </ClInclude>
    <ClInclude Include="..\Classes\UILayer.h">
      <Filter>Classes</Filter>
    </ClInclude>
    <ClInclude Include="..\Classes\StateMachine.hpp">
      <Filter>Classes</Filter>
    </ClInclude>
  </ItemGroup>
  <ItemGroup>
    <ResourceCompile Include="game.rc">
      <Filter>resource</Filter>
    </ResourceCompile>
  </ItemGroup>
</Project>